// !$*UTF8*$!
{
	archiveVersion = 1;
	classes = {
	};
	objectVersion = 50;
	objects = {

/* Begin PBXBuildFile section */
		24BF1A8D6C2186F2C2545BA2 /* Pods_SpeechTimestamper.framework in Frameworks */ = {isa = PBXBuildFile; fileRef = F2415CEC0043A1A1C194F7D4 /* Pods_SpeechTimestamper.framework */; };
		C3DEFBEF21DED3120072C31F /* AppDelegate.swift in Sources */ = {isa = PBXBuildFile; fileRef = C3DEFBEE21DED3120072C31F /* AppDelegate.swift */; };
		C3DEFBF121DED3120072C31F /* ViewController.swift in Sources */ = {isa = PBXBuildFile; fileRef = C3DEFBF021DED3120072C31F /* ViewController.swift */; };
		C3DEFBF421DED3120072C31F /* Main.storyboard in Resources */ = {isa = PBXBuildFile; fileRef = C3DEFBF221DED3120072C31F /* Main.storyboard */; };
		C3DEFBF621DED3130072C31F /* Assets.xcassets in Resources */ = {isa = PBXBuildFile; fileRef = C3DEFBF521DED3130072C31F /* Assets.xcassets */; };
		C3DEFBF921DED3130072C31F /* LaunchScreen.storyboard in Resources */ = {isa = PBXBuildFile; fileRef = C3DEFBF721DED3130072C31F /* LaunchScreen.storyboard */; };
		C3DEFC0521DED5CD0072C31F /* descriptor.pb.swift in Sources */ = {isa = PBXBuildFile; fileRef = C3DEFC0021DED5C80072C31F /* descriptor.pb.swift */; };
		C3DEFC0621DED5CD0072C31F /* language_service.grpc.swift in Sources */ = {isa = PBXBuildFile; fileRef = C3DEFC0121DED5CC0072C31F /* language_service.grpc.swift */; };
		C3DEFC0721DED5CD0072C31F /* http.pb.swift in Sources */ = {isa = PBXBuildFile; fileRef = C3DEFC0221DED5CC0072C31F /* http.pb.swift */; };
		C3DEFC0821DED5CD0072C31F /* language_service.pb.swift in Sources */ = {isa = PBXBuildFile; fileRef = C3DEFC0321DED5CC0072C31F /* language_service.pb.swift */; };
		C3DEFC0921DED5CD0072C31F /* annotations.pb.swift in Sources */ = {isa = PBXBuildFile; fileRef = C3DEFC0421DED5CC0072C31F /* annotations.pb.swift */; };
/* End PBXBuildFile section */

/* Begin PBXFileReference section */
		89A6C38AE6B337A369DECD22 /* Pods-SpeechTimestamper.release.xcconfig */ = {isa = PBXFileReference; includeInIndex = 1; lastKnownFileType = text.xcconfig; name = "Pods-SpeechTimestamper.release.xcconfig"; path = "Pods/Target Support Files/Pods-SpeechTimestamper/Pods-SpeechTimestamper.release.xcconfig"; sourceTree = "<group>"; };
		C3DEFBEB21DED3120072C31F /* SpeechTimestamper.app */ = {isa = PBXFileReference; explicitFileType = wrapper.application; includeInIndex = 0; path = SpeechTimestamper.app; sourceTree = BUILT_PRODUCTS_DIR; };
		C3DEFBEE21DED3120072C31F /* AppDelegate.swift */ = {isa = PBXFileReference; lastKnownFileType = sourcecode.swift; path = AppDelegate.swift; sourceTree = "<group>"; };
		C3DEFBF021DED3120072C31F /* ViewController.swift */ = {isa = PBXFileReference; lastKnownFileType = sourcecode.swift; path = ViewController.swift; sourceTree = "<group>"; };
		C3DEFBF321DED3120072C31F /* Base */ = {isa = PBXFileReference; lastKnownFileType = file.storyboard; name = Base; path = Base.lproj/Main.storyboard; sourceTree = "<group>"; };
		C3DEFBF521DED3130072C31F /* Assets.xcassets */ = {isa = PBXFileReference; lastKnownFileType = folder.assetcatalog; path = Assets.xcassets; sourceTree = "<group>"; };
		C3DEFBF821DED3130072C31F /* Base */ = {isa = PBXFileReference; lastKnownFileType = file.storyboard; name = Base; path = Base.lproj/LaunchScreen.storyboard; sourceTree = "<group>"; };
		C3DEFBFA21DED3130072C31F /* Info.plist */ = {isa = PBXFileReference; lastKnownFileType = text.plist.xml; path = Info.plist; sourceTree = "<group>"; };
		C3DEFC0021DED5C80072C31F /* descriptor.pb.swift */ = {isa = PBXFileReference; fileEncoding = 4; lastKnownFileType = sourcecode.swift; path = descriptor.pb.swift; sourceTree = "<group>"; };
		C3DEFC0121DED5CC0072C31F /* language_service.grpc.swift */ = {isa = PBXFileReference; fileEncoding = 4; lastKnownFileType = sourcecode.swift; path = language_service.grpc.swift; sourceTree = "<group>"; };
		C3DEFC0221DED5CC0072C31F /* http.pb.swift */ = {isa = PBXFileReference; fileEncoding = 4; lastKnownFileType = sourcecode.swift; path = http.pb.swift; sourceTree = "<group>"; };
		C3DEFC0321DED5CC0072C31F /* language_service.pb.swift */ = {isa = PBXFileReference; fileEncoding = 4; lastKnownFileType = sourcecode.swift; path = language_service.pb.swift; sourceTree = "<group>"; };
		C3DEFC0421DED5CC0072C31F /* annotations.pb.swift */ = {isa = PBXFileReference; fileEncoding = 4; lastKnownFileType = sourcecode.swift; path = annotations.pb.swift; sourceTree = "<group>"; };
		C97D325DB953B803F7DF3156 /* Pods-SpeechTimestamper.debug.xcconfig */ = {isa = PBXFileReference; includeInIndex = 1; lastKnownFileType = text.xcconfig; name = "Pods-SpeechTimestamper.debug.xcconfig"; path = "Pods/Target Support Files/Pods-SpeechTimestamper/Pods-SpeechTimestamper.debug.xcconfig"; sourceTree = "<group>"; };
		F2415CEC0043A1A1C194F7D4 /* Pods_SpeechTimestamper.framework */ = {isa = PBXFileReference; explicitFileType = wrapper.framework; includeInIndex = 0; path = Pods_SpeechTimestamper.framework; sourceTree = BUILT_PRODUCTS_DIR; };
/* End PBXFileReference section */

/* Begin PBXFrameworksBuildPhase section */
		C3DEFBE821DED3120072C31F /* Frameworks */ = {
			isa = PBXFrameworksBuildPhase;
			buildActionMask = 2147483647;
			files = (
				24BF1A8D6C2186F2C2545BA2 /* Pods_SpeechTimestamper.framework in Frameworks */,
			);
			runOnlyForDeploymentPostprocessing = 0;
		};
/* End PBXFrameworksBuildPhase section */

/* Begin PBXGroup section */
		C3DEFBE221DED3120072C31F = {
			isa = PBXGroup;
			children = (
				C3DEFBED21DED3120072C31F /* SpeechTimestamper */,
				C3DEFBEC21DED3120072C31F /* Products */,
				DF22E6C94F6F9B0DD1865DAB /* Pods */,
				C975A7F0975275120FD517C8 /* Frameworks */,
			);
			sourceTree = "<group>";
		};
		C3DEFBEC21DED3120072C31F /* Products */ = {
			isa = PBXGroup;
			children = (
				C3DEFBEB21DED3120072C31F /* SpeechTimestamper.app */,
			);
			name = Products;
			sourceTree = "<group>";
		};
		C3DEFBED21DED3120072C31F /* SpeechTimestamper */ = {
			isa = PBXGroup;
			children = (
				C3DEFBEE21DED3120072C31F /* AppDelegate.swift */,
				C3DEFBF021DED3120072C31F /* ViewController.swift */,
				C3DEFC0421DED5CC0072C31F /* annotations.pb.swift */,
				C3DEFC0021DED5C80072C31F /* descriptor.pb.swift */,
				C3DEFC0221DED5CC0072C31F /* http.pb.swift */,
				C3DEFC0121DED5CC0072C31F /* language_service.grpc.swift */,
				C3DEFC0321DED5CC0072C31F /* language_service.pb.swift */,
				C3DEFBF221DED3120072C31F /* Main.storyboard */,
				C3DEFBF521DED3130072C31F /* Assets.xcassets */,
				C3DEFBF721DED3130072C31F /* LaunchScreen.storyboard */,
				C3DEFBFA21DED3130072C31F /* Info.plist */,
			);
			path = SpeechTimestamper;
			sourceTree = "<group>";
		};
		C975A7F0975275120FD517C8 /* Frameworks */ = {
			isa = PBXGroup;
			children = (
				F2415CEC0043A1A1C194F7D4 /* Pods_SpeechTimestamper.framework */,
			);
			name = Frameworks;
			sourceTree = "<group>";
		};
		DF22E6C94F6F9B0DD1865DAB /* Pods */ = {
			isa = PBXGroup;
			children = (
				C97D325DB953B803F7DF3156 /* Pods-SpeechTimestamper.debug.xcconfig */,
				89A6C38AE6B337A369DECD22 /* Pods-SpeechTimestamper.release.xcconfig */,
			);
			name = Pods;
			sourceTree = "<group>";
		};
/* End PBXGroup section */

/* Begin PBXNativeTarget section */
		C3DEFBEA21DED3120072C31F /* SpeechTimestamper */ = {
			isa = PBXNativeTarget;
			buildConfigurationList = C3DEFBFD21DED3130072C31F /* Build configuration list for PBXNativeTarget "SpeechTimestamper" */;
			buildPhases = (
				88C977607DAB6D5F91E858C5 /* [CP] Check Pods Manifest.lock */,
				C3DEFBE721DED3120072C31F /* Sources */,
				C3DEFBE821DED3120072C31F /* Frameworks */,
				C3DEFBE921DED3120072C31F /* Resources */,
				F44F30940FBAE5AC2F00D8B2 /* [CP] Embed Pods Frameworks */,
			);
			buildRules = (
			);
			dependencies = (
			);
			name = SpeechTimestamper;
			productName = SpeechTimestamper;
			productReference = C3DEFBEB21DED3120072C31F /* SpeechTimestamper.app */;
			productType = "com.apple.product-type.application";
		};
/* End PBXNativeTarget section */

/* Begin PBXProject section */
		C3DEFBE321DED3120072C31F /* Project object */ = {
			isa = PBXProject;
			attributes = {
				LastSwiftUpdateCheck = 1010;
				LastUpgradeCheck = 1010;
				ORGANIZATIONNAME = "Reikam Labs";
				TargetAttributes = {
					C3DEFBEA21DED3120072C31F = {
						CreatedOnToolsVersion = 10.1;
					};
				};
			};
			buildConfigurationList = C3DEFBE621DED3120072C31F /* Build configuration list for PBXProject "SpeechTimestamper" */;
			compatibilityVersion = "Xcode 9.3";
			developmentRegion = en;
			hasScannedForEncodings = 0;
			knownRegions = (
				en,
				Base,
			);
			mainGroup = C3DEFBE221DED3120072C31F;
			productRefGroup = C3DEFBEC21DED3120072C31F /* Products */;
			projectDirPath = "";
			projectRoot = "";
			targets = (
				C3DEFBEA21DED3120072C31F /* SpeechTimestamper */,
			);
		};
/* End PBXProject section */

/* Begin PBXResourcesBuildPhase section */
		C3DEFBE921DED3120072C31F /* Resources */ = {
			isa = PBXResourcesBuildPhase;
			buildActionMask = 2147483647;
			files = (
				C3DEFBF921DED3130072C31F /* LaunchScreen.storyboard in Resources */,
				C3DEFBF621DED3130072C31F /* Assets.xcassets in Resources */,
				C3DEFBF421DED3120072C31F /* Main.storyboard in Resources */,
			);
			runOnlyForDeploymentPostprocessing = 0;
		};
/* End PBXResourcesBuildPhase section */

/* Begin PBXShellScriptBuildPhase section */
		88C977607DAB6D5F91E858C5 /* [CP] Check Pods Manifest.lock */ = {
			isa = PBXShellScriptBuildPhase;
			buildActionMask = 2147483647;
			files = (
			);
			inputFileListPaths = (
			);
			inputPaths = (
				"${PODS_PODFILE_DIR_PATH}/Podfile.lock",
				"${PODS_ROOT}/Manifest.lock",
			);
			name = "[CP] Check Pods Manifest.lock";
			outputFileListPaths = (
			);
			outputPaths = (
				"$(DERIVED_FILE_DIR)/Pods-SpeechTimestamper-checkManifestLockResult.txt",
			);
			runOnlyForDeploymentPostprocessing = 0;
			shellPath = /bin/sh;
			shellScript = "diff \"${PODS_PODFILE_DIR_PATH}/Podfile.lock\" \"${PODS_ROOT}/Manifest.lock\" > /dev/null\nif [ $? != 0 ] ; then\n    # print error to STDERR\n    echo \"error: The sandbox is not in sync with the Podfile.lock. Run 'pod install' or update your CocoaPods installation.\" >&2\n    exit 1\nfi\n# This output is used by Xcode 'outputs' to avoid re-running this script phase.\necho \"SUCCESS\" > \"${SCRIPT_OUTPUT_FILE_0}\"\n";
			showEnvVarsInLog = 0;
		};
		F44F30940FBAE5AC2F00D8B2 /* [CP] Embed Pods Frameworks */ = {
			isa = PBXShellScriptBuildPhase;
			buildActionMask = 2147483647;
			files = (
			);
			inputFileListPaths = (
			);
			inputPaths = (
				"${SRCROOT}/Pods/Target Support Files/Pods-SpeechTimestamper/Pods-SpeechTimestamper-frameworks.sh",
				"${BUILT_PRODUCTS_DIR}/BoringSSL/openssl.framework",
				"${BUILT_PRODUCTS_DIR}/SwiftGRPC/SwiftGRPC.framework",
				"${BUILT_PRODUCTS_DIR}/SwiftProtobuf/SwiftProtobuf.framework",
				"${BUILT_PRODUCTS_DIR}/gRPC-Core/grpc.framework",
				"${BUILT_PRODUCTS_DIR}/nanopb/nanopb.framework",
			);
			name = "[CP] Embed Pods Frameworks";
			outputFileListPaths = (
			);
			outputPaths = (
				"${TARGET_BUILD_DIR}/${FRAMEWORKS_FOLDER_PATH}/openssl.framework",
				"${TARGET_BUILD_DIR}/${FRAMEWORKS_FOLDER_PATH}/SwiftGRPC.framework",
				"${TARGET_BUILD_DIR}/${FRAMEWORKS_FOLDER_PATH}/SwiftProtobuf.framework",
				"${TARGET_BUILD_DIR}/${FRAMEWORKS_FOLDER_PATH}/grpc.framework",
				"${TARGET_BUILD_DIR}/${FRAMEWORKS_FOLDER_PATH}/nanopb.framework",
			);
			runOnlyForDeploymentPostprocessing = 0;
			shellPath = /bin/sh;
			shellScript = "\"${SRCROOT}/Pods/Target Support Files/Pods-SpeechTimestamper/Pods-SpeechTimestamper-frameworks.sh\"\n";
			showEnvVarsInLog = 0;
		};
/* End PBXShellScriptBuildPhase section */

/* Begin PBXSourcesBuildPhase section */
		C3DEFBE721DED3120072C31F /* Sources */ = {
			isa = PBXSourcesBuildPhase;
			buildActionMask = 2147483647;
			files = (
				C3DEFC0721DED5CD0072C31F /* http.pb.swift in Sources */,
				C3DEFC0921DED5CD0072C31F /* annotations.pb.swift in Sources */,
				C3DEFC0621DED5CD0072C31F /* language_service.grpc.swift in Sources */,
				C3DEFBF121DED3120072C31F /* ViewController.swift in Sources */,
				C3DEFBEF21DED3120072C31F /* AppDelegate.swift in Sources */,
				C3DEFC0821DED5CD0072C31F /* language_service.pb.swift in Sources */,
				C3DEFC0521DED5CD0072C31F /* descriptor.pb.swift in Sources */,
			);
			runOnlyForDeploymentPostprocessing = 0;
		};
/* End PBXSourcesBuildPhase section */

/* Begin PBXVariantGroup section */
		C3DEFBF221DED3120072C31F /* Main.storyboard */ = {
			isa = PBXVariantGroup;
			children = (
				C3DEFBF321DED3120072C31F /* Base */,
			);
			name = Main.storyboard;
			sourceTree = "<group>";
		};
		C3DEFBF721DED3130072C31F /* LaunchScreen.storyboard */ = {
			isa = PBXVariantGroup;
			children = (
				C3DEFBF821DED3130072C31F /* Base */,
			);
			name = LaunchScreen.storyboard;
			sourceTree = "<group>";
		};
/* End PBXVariantGroup section */

/* Begin XCBuildConfiguration section */
		C3DEFBFB21DED3130072C31F /* Debug */ = {
			isa = XCBuildConfiguration;
			buildSettings = {
				ALWAYS_SEARCH_USER_PATHS = NO;
				CLANG_ANALYZER_NONNULL = YES;
				CLANG_ANALYZER_NUMBER_OBJECT_CONVERSION = YES_AGGRESSIVE;
				CLANG_CXX_LANGUAGE_STANDARD = "gnu++14";
				CLANG_CXX_LIBRARY = "libc++";
				CLANG_ENABLE_MODULES = YES;
				CLANG_ENABLE_OBJC_ARC = YES;
				CLANG_ENABLE_OBJC_WEAK = YES;
				CLANG_WARN_BLOCK_CAPTURE_AUTORELEASING = YES;
				CLANG_WARN_BOOL_CONVERSION = YES;
				CLANG_WARN_COMMA = YES;
				CLANG_WARN_CONSTANT_CONVERSION = YES;
				CLANG_WARN_DEPRECATED_OBJC_IMPLEMENTATIONS = YES;
				CLANG_WARN_DIRECT_OBJC_ISA_USAGE = YES_ERROR;
				CLANG_WARN_DOCUMENTATION_COMMENTS = YES;
				CLANG_WARN_EMPTY_BODY = YES;
				CLANG_WARN_ENUM_CONVERSION = YES;
				CLANG_WARN_INFINITE_RECURSION = YES;
				CLANG_WARN_INT_CONVERSION = YES;
				CLANG_WARN_NON_LITERAL_NULL_CONVERSION = YES;
				CLANG_WARN_OBJC_IMPLICIT_RETAIN_SELF = YES;
				CLANG_WARN_OBJC_LITERAL_CONVERSION = YES;
				CLANG_WARN_OBJC_ROOT_CLASS = YES_ERROR;
				CLANG_WARN_RANGE_LOOP_ANALYSIS = YES;
				CLANG_WARN_STRICT_PROTOTYPES = YES;
				CLANG_WARN_SUSPICIOUS_MOVE = YES;
				CLANG_WARN_UNGUARDED_AVAILABILITY = YES_AGGRESSIVE;
				CLANG_WARN_UNREACHABLE_CODE = YES;
				CLANG_WARN__DUPLICATE_METHOD_MATCH = YES;
				CODE_SIGN_IDENTITY = "iPhone Developer";
				COPY_PHASE_STRIP = NO;
				DEBUG_INFORMATION_FORMAT = dwarf;
				ENABLE_STRICT_OBJC_MSGSEND = YES;
				ENABLE_TESTABILITY = YES;
				GCC_C_LANGUAGE_STANDARD = gnu11;
				GCC_DYNAMIC_NO_PIC = NO;
				GCC_NO_COMMON_BLOCKS = YES;
				GCC_OPTIMIZATION_LEVEL = 0;
				GCC_PREPROCESSOR_DEFINITIONS = (
					"DEBUG=1",
					"$(inherited)",
				);
				GCC_WARN_64_TO_32_BIT_CONVERSION = YES;
				GCC_WARN_ABOUT_RETURN_TYPE = YES_ERROR;
				GCC_WARN_UNDECLARED_SELECTOR = YES;
				GCC_WARN_UNINITIALIZED_AUTOS = YES_AGGRESSIVE;
				GCC_WARN_UNUSED_FUNCTION = YES;
				GCC_WARN_UNUSED_VARIABLE = YES;
				IPHONEOS_DEPLOYMENT_TARGET = 12.1;
				MTL_ENABLE_DEBUG_INFO = INCLUDE_SOURCE;
				MTL_FAST_MATH = YES;
				ONLY_ACTIVE_ARCH = YES;
				SDKROOT = iphoneos;
				SWIFT_ACTIVE_COMPILATION_CONDITIONS = DEBUG;
				SWIFT_OPTIMIZATION_LEVEL = "-Onone";
			};
			name = Debug;
		};
		C3DEFBFC21DED3130072C31F /* Release */ = {
			isa = XCBuildConfiguration;
			buildSettings = {
				ALWAYS_SEARCH_USER_PATHS = NO;
				CLANG_ANALYZER_NONNULL = YES;
				CLANG_ANALYZER_NUMBER_OBJECT_CONVERSION = YES_AGGRESSIVE;
				CLANG_CXX_LANGUAGE_STANDARD = "gnu++14";
				CLANG_CXX_LIBRARY = "libc++";
				CLANG_ENABLE_MODULES = YES;
				CLANG_ENABLE_OBJC_ARC = YES;
				CLANG_ENABLE_OBJC_WEAK = YES;
				CLANG_WARN_BLOCK_CAPTURE_AUTORELEASING = YES;
				CLANG_WARN_BOOL_CONVERSION = YES;
				CLANG_WARN_COMMA = YES;
				CLANG_WARN_CONSTANT_CONVERSION = YES;
				CLANG_WARN_DEPRECATED_OBJC_IMPLEMENTATIONS = YES;
				CLANG_WARN_DIRECT_OBJC_ISA_USAGE = YES_ERROR;
				CLANG_WARN_DOCUMENTATION_COMMENTS = YES;
				CLANG_WARN_EMPTY_BODY = YES;
				CLANG_WARN_ENUM_CONVERSION = YES;
				CLANG_WARN_INFINITE_RECURSION = YES;
				CLANG_WARN_INT_CONVERSION = YES;
				CLANG_WARN_NON_LITERAL_NULL_CONVERSION = YES;
				CLANG_WARN_OBJC_IMPLICIT_RETAIN_SELF = YES;
				CLANG_WARN_OBJC_LITERAL_CONVERSION = YES;
				CLANG_WARN_OBJC_ROOT_CLASS = YES_ERROR;
				CLANG_WARN_RANGE_LOOP_ANALYSIS = YES;
				CLANG_WARN_STRICT_PROTOTYPES = YES;
				CLANG_WARN_SUSPICIOUS_MOVE = YES;
				CLANG_WARN_UNGUARDED_AVAILABILITY = YES_AGGRESSIVE;
				CLANG_WARN_UNREACHABLE_CODE = YES;
				CLANG_WARN__DUPLICATE_METHOD_MATCH = YES;
				CODE_SIGN_IDENTITY = "iPhone Developer";
				COPY_PHASE_STRIP = NO;
				DEBUG_INFORMATION_FORMAT = "dwarf-with-dsym";
				ENABLE_NS_ASSERTIONS = NO;
				ENABLE_STRICT_OBJC_MSGSEND = YES;
				GCC_C_LANGUAGE_STANDARD = gnu11;
				GCC_NO_COMMON_BLOCKS = YES;
				GCC_WARN_64_TO_32_BIT_CONVERSION = YES;
				GCC_WARN_ABOUT_RETURN_TYPE = YES_ERROR;
				GCC_WARN_UNDECLARED_SELECTOR = YES;
				GCC_WARN_UNINITIALIZED_AUTOS = YES_AGGRESSIVE;
				GCC_WARN_UNUSED_FUNCTION = YES;
				GCC_WARN_UNUSED_VARIABLE = YES;
				IPHONEOS_DEPLOYMENT_TARGET = 12.1;
				MTL_ENABLE_DEBUG_INFO = NO;
				MTL_FAST_MATH = YES;
				SDKROOT = iphoneos;
				SWIFT_COMPILATION_MODE = wholemodule;
				SWIFT_OPTIMIZATION_LEVEL = "-O";
				VALIDATE_PRODUCT = YES;
			};
			name = Release;
		};
		C3DEFBFE21DED3130072C31F /* Debug */ = {
			isa = XCBuildConfiguration;
			baseConfigurationReference = C97D325DB953B803F7DF3156 /* Pods-SpeechTimestamper.debug.xcconfig */;
			buildSettings = {
				ASSETCATALOG_COMPILER_APPICON_NAME = AppIcon;
				CODE_SIGN_STYLE = Automatic;
				DEVELOPMENT_TEAM = 79X9YF69H4;
				INFOPLIST_FILE = SpeechTimestamper/Info.plist;
				LD_RUNPATH_SEARCH_PATHS = (
					"$(inherited)",
					"@executable_path/Frameworks",
				);
				PRODUCT_BUNDLE_IDENTIFIER = com.reikam.SpeechTimestamper;
				PRODUCT_NAME = "$(TARGET_NAME)";
				SWIFT_VERSION = 4.2;
				TARGETED_DEVICE_FAMILY = "1,2";
			};
			name = Debug;
		};
		C3DEFBFF21DED3130072C31F /* Release */ = {
			isa = XCBuildConfiguration;
			baseConfigurationReference = 89A6C38AE6B337A369DECD22 /* Pods-SpeechTimestamper.release.xcconfig */;
			buildSettings = {
				ASSETCATALOG_COMPILER_APPICON_NAME = AppIcon;
				CODE_SIGN_STYLE = Automatic;
				DEVELOPMENT_TEAM = 79X9YF69H4;
				INFOPLIST_FILE = SpeechTimestamper/Info.plist;
				LD_RUNPATH_SEARCH_PATHS = (
					"$(inherited)",
					"@executable_path/Frameworks",
				);
				PRODUCT_BUNDLE_IDENTIFIER = com.reikam.SpeechTimestamper;
				PRODUCT_NAME = "$(TARGET_NAME)";
				SWIFT_VERSION = 4.2;
				TARGETED_DEVICE_FAMILY = "1,2";
			};
			name = Release;
		};
/* End XCBuildConfiguration section */

/* Begin XCConfigurationList section */
		C3DEFBE621DED3120072C31F /* Build configuration list for PBXProject "SpeechTimestamper" */ = {
			isa = XCConfigurationList;
			buildConfigurations = (
				C3DEFBFB21DED3130072C31F /* Debug */,
				C3DEFBFC21DED3130072C31F /* Release */,
			);
			defaultConfigurationIsVisible = 0;
			defaultConfigurationName = Release;
		};
		C3DEFBFD21DED3130072C31F /* Build configuration list for PBXNativeTarget "SpeechTimestamper" */ = {
			isa = XCConfigurationList;
			buildConfigurations = (
				C3DEFBFE21DED3130072C31F /* Debug */,
				C3DEFBFF21DED3130072C31F /* Release */,
			);
			defaultConfigurationIsVisible = 0;
			defaultConfigurationName = Release;
		};
/* End XCConfigurationList section */
	};
	rootObject = C3DEFBE321DED3120072C31F /* Project object */;
}
